
Microsoft Visual Studio Solution File, Format Version 12.00
# Visual Studio 15
VisualStudioVersion = 15.0.27130.2026
MinimumVisualStudioVersion = 10.0.40219.1
Project("{FAE04EC0-301F-11D3-BF4B-00C04F79EFBC}") = "Ingen.Game", "Ingen.Game\Ingen.Game.csproj", "{31B18089-2F04-4E36-B7E2-F5B47E696ACF}"
EndProject
Project("{FAE04EC0-301F-11D3-BF4B-00C04F79EFBC}") = "Ingen.Game.Framework", "Ingen.Game.Framework\Ingen.Game.Framework.csproj", "{AD0AC3E1-04F2-4570-9A89-6CA87F7F2B78}"
EndProject
Project("{9A19103F-16F7-4668-BE54-9A1E7A4F7556}") = "Ingen.Game.Data", "Ingen.Game.Data\Ingen.Game.Data.csproj", "{75BC743C-DB01-4736-8DC0-8995CF79FCBF}"
EndProject
Project("{2150E333-8FDC-42A3-9474-1A3956D46DE8}") = "Tools", "Tools", "{749B1E60-562E-447B-A6F0-EFB5C0D40D1E}"
EndProject
Project("{FAE04EC0-301F-11D3-BF4B-00C04F79EFBC}") = "D2dControl", "Tools\D2dControl\D2dControl.csproj", "{86C3AD20-F656-4DFC-BD6D-7DE4C4578FD9}"
EndProject
Project("{FAE04EC0-301F-11D3-BF4B-00C04F79EFBC}") = "MapEditor", "Tools\MapEditor\MapEditor.csproj", "{8B5EFABC-7CBB-4CB1-BA38-8D70F9F4E8E5}"
EndProject
Project("{FAE04EC0-301F-11D3-BF4B-00C04F79EFBC}") = "Ingen.Game.Framework.Input", "Ingen.Game.Framework.Input\Ingen.Game.Framework.Input.csproj", "{5EA92375-9386-4EB1-9EB6-0ABF4832E98E}"
EndProject
Global
	GlobalSection(SolutionConfigurationPlatforms) = preSolution
		Debug|Any CPU = Debug|Any CPU
		Release|Any CPU = Release|Any CPU
	EndGlobalSection
	GlobalSection(ProjectConfigurationPlatforms) = postSolution
		{31B18089-2F04-4E36-B7E2-F5B47E696ACF}.Debug|Any CPU.ActiveCfg = Debug|Any CPU
		{31B18089-2F04-4E36-B7E2-F5B47E696ACF}.Debug|Any CPU.Build.0 = Debug|Any CPU
		{31B18089-2F04-4E36-B7E2-F5B47E696ACF}.Release|Any CPU.ActiveCfg = Release|Any CPU
		{31B18089-2F04-4E36-B7E2-F5B47E696ACF}.Release|Any CPU.Build.0 = Release|Any CPU
		{AD0AC3E1-04F2-4570-9A89-6CA87F7F2B78}.Debug|Any CPU.ActiveCfg = Debug|Any CPU
		{AD0AC3E1-04F2-4570-9A89-6CA87F7F2B78}.Debug|Any CPU.Build.0 = Debug|Any CPU
		{AD0AC3E1-04F2-4570-9A89-6CA87F7F2B78}.Release|Any CPU.ActiveCfg = Release|Any CPU
		{AD0AC3E1-04F2-4570-9A89-6CA87F7F2B78}.Release|Any CPU.Build.0 = Release|Any CPU
		{75BC743C-DB01-4736-8DC0-8995CF79FCBF}.Debug|Any CPU.ActiveCfg = Debug|Any CPU
		{75BC743C-DB01-4736-8DC0-8995CF79FCBF}.Debug|Any CPU.Build.0 = Debug|Any CPU
		{75BC743C-DB01-4736-8DC0-8995CF79FCBF}.Release|Any CPU.ActiveCfg = Release|Any CPU
		{75BC743C-DB01-4736-8DC0-8995CF79FCBF}.Release|Any CPU.Build.0 = Release|Any CPU
		{86C3AD20-F656-4DFC-BD6D-7DE4C4578FD9}.Debug|Any CPU.ActiveCfg = Debug|Any CPU
		{86C3AD20-F656-4DFC-BD6D-7DE4C4578FD9}.Debug|Any CPU.Build.0 = Debug|Any CPU
		{86C3AD20-F656-4DFC-BD6D-7DE4C4578FD9}.Release|Any CPU.ActiveCfg = Release|Any CPU
		{86C3AD20-F656-4DFC-BD6D-7DE4C4578FD9}.Release|Any CPU.Build.0 = Release|Any CPU
		{8B5EFABC-7CBB-4CB1-BA38-8D70F9F4E8E5}.Debug|Any CPU.ActiveCfg = Debug|Any CPU
		{8B5EFABC-7CBB-4CB1-BA38-8D70F9F4E8E5}.Debug|Any CPU.Build.0 = Debug|Any CPU
		{8B5EFABC-7CBB-4CB1-BA38-8D70F9F4E8E5}.Release|Any CPU.ActiveCfg = Release|Any CPU
		{8B5EFABC-7CBB-4CB1-BA38-8D70F9F4E8E5}.Release|Any CPU.Build.0 = Release|Any CPU
		{5EA92375-9386-4EB1-9EB6-0ABF4832E98E}.Debug|Any CPU.ActiveCfg = Debug|Any CPU
		{5EA92375-9386-4EB1-9EB6-0ABF4832E98E}.Debug|Any CPU.Build.0 = Debug|Any CPU
		{5EA92375-9386-4EB1-9EB6-0ABF4832E98E}.Release|Any CPU.ActiveCfg = Release|Any CPU
		{5EA92375-9386-4EB1-9EB6-0ABF4832E98E}.Release|Any CPU.Build.0 = Release|Any CPU
	EndGlobalSection
	GlobalSection(SolutionProperties) = preSolution
		HideSolutionNode = FALSE
	EndGlobalSection
	GlobalSection(NestedProjects) = preSolution
		{86C3AD20-F656-4DFC-BD6D-7DE4C4578FD9} = {749B1E60-562E-447B-A6F0-EFB5C0D40D1E}
		{8B5EFABC-7CBB-4CB1-BA38-8D70F9F4E8E5} = {749B1E60-562E-447B-A6F0-EFB5C0D40D1E}
	EndGlobalSection
	GlobalSection(ExtensibilityGlobals) = postSolution
		SolutionGuid = {A680826A-9AD9-49F1-9FF5-FD9A45E16FAD}
	EndGlobalSection
EndGlobal
